PODS:
  - JXCategoryView (1.6.0)
  - JXPagingView/Pager (2.0.10)

DEPENDENCIES:
  - JXCategoryView (from `../../JXCategoryView`)
  - JXPagingView/Pager

SPEC REPOS:
  https://github.com/CocoaPods/Specs.git:
    - JXPagingView

EXTERNAL SOURCES:
  JXCategoryView:
    :path: "../../JXCategoryView"

SPEC CHECKSUMS:
  JXCategoryView: 99c87854c67659f7e2ef1b43079656a46b36b398
  JXPagingView: 7db39b9562d5fac20ac6903e6f3d2fcbc86ae542

PODFILE CHECKSUM: eeaeae8638778f2993ed7a403b59d48ec34c8611

COCOAPODS: 1.11.3
