// !$*UTF8*$!
{
	archiveVersion = 1;
	classes = {
	};
	objectVersion = 48;
	objects = {

/* Begin PBXBuildFile section */
		190A54DF206397370050B327 /* AppDelegate.m in Sources */ = {isa = PBXBuildFile; fileRef = 190A54DE206397370050B327 /* AppDelegate.m */; };
		190A54E2206397370050B327 /* ViewController.m in Sources */ = {isa = PBXBuildFile; fileRef = 190A54E1206397370050B327 /* ViewController.m */; };
		190A54E5206397370050B327 /* Main.storyboard in Resources */ = {isa = PBXBuildFile; fileRef = 190A54E3206397370050B327 /* Main.storyboard */; };
		190A54E7206397370050B327 /* Assets.xcassets in Resources */ = {isa = PBXBuildFile; fileRef = 190A54E6206397370050B327 /* Assets.xcassets */; };
		190A54EA206397370050B327 /* LaunchScreen.storyboard in Resources */ = {isa = PBXBuildFile; fileRef = 190A54E8206397370050B327 /* LaunchScreen.storyboard */; };
		190A54ED206397370050B327 /* main.m in Sources */ = {isa = PBXBuildFile; fileRef = 190A54EC206397370050B327 /* main.m */; };
		190A54FE206397800050B327 /* JXCategoryView.m in Sources */ = {isa = PBXBuildFile; fileRef = 190A54F52063977F0050B327 /* JXCategoryView.m */; };
		190A54FF206397800050B327 /* JXCategoryCell.m in Sources */ = {isa = PBXBuildFile; fileRef = 190A54F82063977F0050B327 /* JXCategoryCell.m */; };
		190A5500206397800050B327 /* JXCategoryCollectionView.m in Sources */ = {isa = PBXBuildFile; fileRef = 190A54FA2063977F0050B327 /* JXCategoryCollectionView.m */; };
		190A5501206397800050B327 /* UIColor+JXAdd.m in Sources */ = {isa = PBXBuildFile; fileRef = 190A54FC206397800050B327 /* UIColor+JXAdd.m */; };
		190A5502206397800050B327 /* JXCategoryCellModel.m in Sources */ = {isa = PBXBuildFile; fileRef = 190A54FD206397800050B327 /* JXCategoryCellModel.m */; };
/* End PBXBuildFile section */

/* Begin PBXFileReference section */
		190A54DA206397370050B327 /* JXCategoryView.app */ = {isa = PBXFileReference; explicitFileType = wrapper.application; includeInIndex = 0; path = JXCategoryView.app; sourceTree = BUILT_PRODUCTS_DIR; };
		190A54DD206397370050B327 /* AppDelegate.h */ = {isa = PBXFileReference; lastKnownFileType = sourcecode.c.h; path = AppDelegate.h; sourceTree = "<group>"; };
		190A54DE206397370050B327 /* AppDelegate.m */ = {isa = PBXFileReference; lastKnownFileType = sourcecode.c.objc; path = AppDelegate.m; sourceTree = "<group>"; };
		190A54E0206397370050B327 /* ViewController.h */ = {isa = PBXFileReference; lastKnownFileType = sourcecode.c.h; path = ViewController.h; sourceTree = "<group>"; };
		190A54E1206397370050B327 /* ViewController.m */ = {isa = PBXFileReference; lastKnownFileType = sourcecode.c.objc; path = ViewController.m; sourceTree = "<group>"; };
		190A54E4206397370050B327 /* Base */ = {isa = PBXFileReference; lastKnownFileType = file.storyboard; name = Base; path = Base.lproj/Main.storyboard; sourceTree = "<group>"; };
		190A54E6206397370050B327 /* Assets.xcassets */ = {isa = PBXFileReference; lastKnownFileType = folder.assetcatalog; path = Assets.xcassets; sourceTree = "<group>"; };
		190A54E9206397370050B327 /* Base */ = {isa = PBXFileReference; lastKnownFileType = file.storyboard; name = Base; path = Base.lproj/LaunchScreen.storyboard; sourceTree = "<group>"; };
		190A54EB206397370050B327 /* Info.plist */ = {isa = PBXFileReference; lastKnownFileType = text.plist.xml; path = Info.plist; sourceTree = "<group>"; };
		190A54EC206397370050B327 /* main.m */ = {isa = PBXFileReference; lastKnownFileType = sourcecode.c.objc; path = main.m; sourceTree = "<group>"; };
		190A54F42063977F0050B327 /* JXCategoryView.h */ = {isa = PBXFileReference; fileEncoding = 4; lastKnownFileType = sourcecode.c.h; path = JXCategoryView.h; sourceTree = "<group>"; };
		190A54F52063977F0050B327 /* JXCategoryView.m */ = {isa = PBXFileReference; fileEncoding = 4; lastKnownFileType = sourcecode.c.objc; path = JXCategoryView.m; sourceTree = "<group>"; };
		190A54F62063977F0050B327 /* JXCategoryCellModel.h */ = {isa = PBXFileReference; fileEncoding = 4; lastKnownFileType = sourcecode.c.h; path = JXCategoryCellModel.h; sourceTree = "<group>"; };
		190A54F72063977F0050B327 /* UIColor+JXAdd.h */ = {isa = PBXFileReference; fileEncoding = 4; lastKnownFileType = sourcecode.c.h; path = "UIColor+JXAdd.h"; sourceTree = "<group>"; };
		190A54F82063977F0050B327 /* JXCategoryCell.m */ = {isa = PBXFileReference; fileEncoding = 4; lastKnownFileType = sourcecode.c.objc; path = JXCategoryCell.m; sourceTree = "<group>"; };
		190A54F92063977F0050B327 /* JXCategoryCollectionView.h */ = {isa = PBXFileReference; fileEncoding = 4; lastKnownFileType = sourcecode.c.h; path = JXCategoryCollectionView.h; sourceTree = "<group>"; };
		190A54FA2063977F0050B327 /* JXCategoryCollectionView.m */ = {isa = PBXFileReference; fileEncoding = 4; lastKnownFileType = sourcecode.c.objc; path = JXCategoryCollectionView.m; sourceTree = "<group>"; };
		190A54FB2063977F0050B327 /* JXCategoryCell.h */ = {isa = PBXFileReference; fileEncoding = 4; lastKnownFileType = sourcecode.c.h; path = JXCategoryCell.h; sourceTree = "<group>"; };
		190A54FC206397800050B327 /* UIColor+JXAdd.m */ = {isa = PBXFileReference; fileEncoding = 4; lastKnownFileType = sourcecode.c.objc; path = "UIColor+JXAdd.m"; sourceTree = "<group>"; };
		190A54FD206397800050B327 /* JXCategoryCellModel.m */ = {isa = PBXFileReference; fileEncoding = 4; lastKnownFileType = sourcecode.c.objc; path = JXCategoryCellModel.m; sourceTree = "<group>"; };
/* End PBXFileReference section */

/* Begin PBXFrameworksBuildPhase section */
		190A54D7206397370050B327 /* Frameworks */ = {
			isa = PBXFrameworksBuildPhase;
			buildActionMask = 2147483647;
			files = (
			);
			runOnlyForDeploymentPostprocessing = 0;
		};
/* End PBXFrameworksBuildPhase section */

/* Begin PBXGroup section */
		190A54D1206397370050B327 = {
			isa = PBXGroup;
			children = (
				190A54DC206397370050B327 /* JXCategoryView */,
				190A54DB206397370050B327 /* Products */,
			);
			sourceTree = "<group>";
		};
		190A54DB206397370050B327 /* Products */ = {
			isa = PBXGroup;
			children = (
				190A54DA206397370050B327 /* JXCategoryView.app */,
			);
			name = Products;
			sourceTree = "<group>";
		};
		190A54DC206397370050B327 /* JXCategoryView */ = {
			isa = PBXGroup;
			children = (
				190A54F3206397480050B327 /* CategoryView */,
				190A54DD206397370050B327 /* AppDelegate.h */,
				190A54DE206397370050B327 /* AppDelegate.m */,
				190A54E0206397370050B327 /* ViewController.h */,
				190A54E1206397370050B327 /* ViewController.m */,
				190A54E3206397370050B327 /* Main.storyboard */,
				190A54E6206397370050B327 /* Assets.xcassets */,
				190A54E8206397370050B327 /* LaunchScreen.storyboard */,
				190A54EB206397370050B327 /* Info.plist */,
				190A54EC206397370050B327 /* main.m */,
			);
			path = JXCategoryView;
			sourceTree = "<group>";
		};
		190A54F3206397480050B327 /* CategoryView */ = {
			isa = PBXGroup;
			children = (
				190A54FB2063977F0050B327 /* JXCategoryCell.h */,
				190A54F82063977F0050B327 /* JXCategoryCell.m */,
				190A54F62063977F0050B327 /* JXCategoryCellModel.h */,
				190A54FD206397800050B327 /* JXCategoryCellModel.m */,
				190A54F92063977F0050B327 /* JXCategoryCollectionView.h */,
				190A54FA2063977F0050B327 /* JXCategoryCollectionView.m */,
				190A54F42063977F0050B327 /* JXCategoryView.h */,
				190A54F52063977F0050B327 /* JXCategoryView.m */,
				190A54F72063977F0050B327 /* UIColor+JXAdd.h */,
				190A54FC206397800050B327 /* UIColor+JXAdd.m */,
			);
			path = CategoryView;
			sourceTree = "<group>";
		};
/* End PBXGroup section */

/* Begin PBXNativeTarget section */
		190A54D9206397370050B327 /* JXCategoryView */ = {
			isa = PBXNativeTarget;
			buildConfigurationList = 190A54F0206397370050B327 /* Build configuration list for PBXNativeTarget "JXCategoryView" */;
			buildPhases = (
				190A54D6206397370050B327 /* Sources */,
				190A54D7206397370050B327 /* Frameworks */,
				190A54D8206397370050B327 /* Resources */,
			);
			buildRules = (
			);
			dependencies = (
			);
			name = JXCategoryView;
			productName = JXCategoryView;
			productReference = 190A54DA206397370050B327 /* JXCategoryView.app */;
			productType = "com.apple.product-type.application";
		};
/* End PBXNativeTarget section */

/* Begin PBXProject section */
		190A54D2206397370050B327 /* Project object */ = {
			isa = PBXProject;
			attributes = {
				LastUpgradeCheck = 0900;
				ORGANIZATIONNAME = jiaxin;
				TargetAttributes = {
					190A54D9206397370050B327 = {
						CreatedOnToolsVersion = 9.0;
						ProvisioningStyle = Automatic;
					};
				};
			};
			buildConfigurationList = 190A54D5206397370050B327 /* Build configuration list for PBXProject "JXCategoryView" */;
			compatibilityVersion = "Xcode 8.0";
			developmentRegion = en;
			hasScannedForEncodings = 0;
			knownRegions = (
				en,
				Base,
			);
			mainGroup = 190A54D1206397370050B327;
			productRefGroup = 190A54DB206397370050B327 /* Products */;
			projectDirPath = "";
			projectRoot = "";
			targets = (
				190A54D9206397370050B327 /* JXCategoryView */,
			);
		};
/* End PBXProject section */

/* Begin PBXResourcesBuildPhase section */
		190A54D8206397370050B327 /* Resources */ = {
			isa = PBXResourcesBuildPhase;
			buildActionMask = 2147483647;
			files = (
				190A54EA206397370050B327 /* LaunchScreen.storyboard in Resources */,
				190A54E7206397370050B327 /* Assets.xcassets in Resources */,
				190A54E5206397370050B327 /* Main.storyboard in Resources */,
			);
			runOnlyForDeploymentPostprocessing = 0;
		};
/* End PBXResourcesBuildPhase section */

/* Begin PBXSourcesBuildPhase section */
		190A54D6206397370050B327 /* Sources */ = {
			isa = PBXSourcesBuildPhase;
			buildActionMask = 2147483647;
			files = (
				190A54E2206397370050B327 /* ViewController.m in Sources */,
				190A5502206397800050B327 /* JXCategoryCellModel.m in Sources */,
				190A54FF206397800050B327 /* JXCategoryCell.m in Sources */,
				190A54ED206397370050B327 /* main.m in Sources */,
				190A54FE206397800050B327 /* JXCategoryView.m in Sources */,
				190A5500206397800050B327 /* JXCategoryCollectionView.m in Sources */,
				190A54DF206397370050B327 /* AppDelegate.m in Sources */,
				190A5501206397800050B327 /* UIColor+JXAdd.m in Sources */,
			);
			runOnlyForDeploymentPostprocessing = 0;
		};
/* End PBXSourcesBuildPhase section */

/* Begin PBXVariantGroup section */
		190A54E3206397370050B327 /* Main.storyboard */ = {
			isa = PBXVariantGroup;
			children = (
				190A54E4206397370050B327 /* Base */,
			);
			name = Main.storyboard;
			sourceTree = "<group>";
		};
		190A54E8206397370050B327 /* LaunchScreen.storyboard */ = {
			isa = PBXVariantGroup;
			children = (
				190A54E9206397370050B327 /* Base */,
			);
			name = LaunchScreen.storyboard;
			sourceTree = "<group>";
		};
/* End PBXVariantGroup section */

/* Begin XCBuildConfiguration section */
		190A54EE206397370050B327 /* Debug */ = {
			isa = XCBuildConfiguration;
			buildSettings = {
				ALWAYS_SEARCH_USER_PATHS = NO;
				CLANG_ANALYZER_NONNULL = YES;
				CLANG_ANALYZER_NUMBER_OBJECT_CONVERSION = YES_AGGRESSIVE;
				CLANG_CXX_LANGUAGE_STANDARD = "gnu++14";
				CLANG_CXX_LIBRARY = "libc++";
				CLANG_ENABLE_MODULES = YES;
				CLANG_ENABLE_OBJC_ARC = YES;
				CLANG_WARN_BLOCK_CAPTURE_AUTORELEASING = YES;
				CLANG_WARN_BOOL_CONVERSION = YES;
				CLANG_WARN_COMMA = YES;
				CLANG_WARN_CONSTANT_CONVERSION = YES;
				CLANG_WARN_DIRECT_OBJC_ISA_USAGE = YES_ERROR;
				CLANG_WARN_DOCUMENTATION_COMMENTS = YES;
				CLANG_WARN_EMPTY_BODY = YES;
				CLANG_WARN_ENUM_CONVERSION = YES;
				CLANG_WARN_INFINITE_RECURSION = YES;
				CLANG_WARN_INT_CONVERSION = YES;
				CLANG_WARN_NON_LITERAL_NULL_CONVERSION = YES;
				CLANG_WARN_OBJC_LITERAL_CONVERSION = YES;
				CLANG_WARN_OBJC_ROOT_CLASS = YES_ERROR;
				CLANG_WARN_RANGE_LOOP_ANALYSIS = YES;
				CLANG_WARN_STRICT_PROTOTYPES = YES;
				CLANG_WARN_SUSPICIOUS_MOVE = YES;
				CLANG_WARN_UNGUARDED_AVAILABILITY = YES_AGGRESSIVE;
				CLANG_WARN_UNREACHABLE_CODE = YES;
				CLANG_WARN__DUPLICATE_METHOD_MATCH = YES;
				CODE_SIGN_IDENTITY = "iPhone Developer";
				COPY_PHASE_STRIP = NO;
				DEBUG_INFORMATION_FORMAT = dwarf;
				ENABLE_STRICT_OBJC_MSGSEND = YES;
				ENABLE_TESTABILITY = YES;
				GCC_C_LANGUAGE_STANDARD = gnu11;
				GCC_DYNAMIC_NO_PIC = NO;
				GCC_NO_COMMON_BLOCKS = YES;
				GCC_OPTIMIZATION_LEVEL = 0;
				GCC_PREPROCESSOR_DEFINITIONS = (
					"DEBUG=1",
					"$(inherited)",
				);
				GCC_WARN_64_TO_32_BIT_CONVERSION = YES;
				GCC_WARN_ABOUT_RETURN_TYPE = YES_ERROR;
				GCC_WARN_UNDECLARED_SELECTOR = YES;
				GCC_WARN_UNINITIALIZED_AUTOS = YES_AGGRESSIVE;
				GCC_WARN_UNUSED_FUNCTION = YES;
				GCC_WARN_UNUSED_VARIABLE = YES;
				IPHONEOS_DEPLOYMENT_TARGET = 11.0;
				MTL_ENABLE_DEBUG_INFO = YES;
				ONLY_ACTIVE_ARCH = YES;
				SDKROOT = iphoneos;
			};
			name = Debug;
		};
		190A54EF206397370050B327 /* Release */ = {
			isa = XCBuildConfiguration;
			buildSettings = {
				ALWAYS_SEARCH_USER_PATHS = NO;
				CLANG_ANALYZER_NONNULL = YES;
				CLANG_ANALYZER_NUMBER_OBJECT_CONVERSION = YES_AGGRESSIVE;
				CLANG_CXX_LANGUAGE_STANDARD = "gnu++14";
				CLANG_CXX_LIBRARY = "libc++";
				CLANG_ENABLE_MODULES = YES;
				CLANG_ENABLE_OBJC_ARC = YES;
				CLANG_WARN_BLOCK_CAPTURE_AUTORELEASING = YES;
				CLANG_WARN_BOOL_CONVERSION = YES;
				CLANG_WARN_COMMA = YES;
				CLANG_WARN_CONSTANT_CONVERSION = YES;
				CLANG_WARN_DIRECT_OBJC_ISA_USAGE = YES_ERROR;
				CLANG_WARN_DOCUMENTATION_COMMENTS = YES;
				CLANG_WARN_EMPTY_BODY = YES;
				CLANG_WARN_ENUM_CONVERSION = YES;
				CLANG_WARN_INFINITE_RECURSION = YES;
				CLANG_WARN_INT_CONVERSION = YES;
				CLANG_WARN_NON_LITERAL_NULL_CONVERSION = YES;
				CLANG_WARN_OBJC_LITERAL_CONVERSION = YES;
				CLANG_WARN_OBJC_ROOT_CLASS = YES_ERROR;
				CLANG_WARN_RANGE_LOOP_ANALYSIS = YES;
				CLANG_WARN_STRICT_PROTOTYPES = YES;
				CLANG_WARN_SUSPICIOUS_MOVE = YES;
				CLANG_WARN_UNGUARDED_AVAILABILITY = YES_AGGRESSIVE;
				CLANG_WARN_UNREACHABLE_CODE = YES;
				CLANG_WARN__DUPLICATE_METHOD_MATCH = YES;
				CODE_SIGN_IDENTITY = "iPhone Developer";
				COPY_PHASE_STRIP = NO;
				DEBUG_INFORMATION_FORMAT = "dwarf-with-dsym";
				ENABLE_NS_ASSERTIONS = NO;
				ENABLE_STRICT_OBJC_MSGSEND = YES;
				GCC_C_LANGUAGE_STANDARD = gnu11;
				GCC_NO_COMMON_BLOCKS = YES;
				GCC_WARN_64_TO_32_BIT_CONVERSION = YES;
				GCC_WARN_ABOUT_RETURN_TYPE = YES_ERROR;
				GCC_WARN_UNDECLARED_SELECTOR = YES;
				GCC_WARN_UNINITIALIZED_AUTOS = YES_AGGRESSIVE;
				GCC_WARN_UNUSED_FUNCTION = YES;
				GCC_WARN_UNUSED_VARIABLE = YES;
				IPHONEOS_DEPLOYMENT_TARGET = 11.0;
				MTL_ENABLE_DEBUG_INFO = NO;
				SDKROOT = iphoneos;
				VALIDATE_PRODUCT = YES;
			};
			name = Release;
		};
		190A54F1206397370050B327 /* Debug */ = {
			isa = XCBuildConfiguration;
			buildSettings = {
				ASSETCATALOG_COMPILER_APPICON_NAME = AppIcon;
				CODE_SIGN_STYLE = Automatic;
				INFOPLIST_FILE = JXCategoryView/Info.plist;
				LD_RUNPATH_SEARCH_PATHS = "$(inherited) @executable_path/Frameworks";
				PRODUCT_BUNDLE_IDENTIFIER = jiaxin.JXCategoryView;
				PRODUCT_NAME = "$(TARGET_NAME)";
				TARGETED_DEVICE_FAMILY = "1,2";
			};
			name = Debug;
		};
		190A54F2206397370050B327 /* Release */ = {
			isa = XCBuildConfiguration;
			buildSettings = {
				ASSETCATALOG_COMPILER_APPICON_NAME = AppIcon;
				CODE_SIGN_STYLE = Automatic;
				INFOPLIST_FILE = JXCategoryView/Info.plist;
				LD_RUNPATH_SEARCH_PATHS = "$(inherited) @executable_path/Frameworks";
				PRODUCT_BUNDLE_IDENTIFIER = jiaxin.JXCategoryView;
				PRODUCT_NAME = "$(TARGET_NAME)";
				TARGETED_DEVICE_FAMILY = "1,2";
			};
			name = Release;
		};
/* End XCBuildConfiguration section */

/* Begin XCConfigurationList section */
		190A54D5206397370050B327 /* Build configuration list for PBXProject "JXCategoryView" */ = {
			isa = XCConfigurationList;
			buildConfigurations = (
				190A54EE206397370050B327 /* Debug */,
				190A54EF206397370050B327 /* Release */,
			);
			defaultConfigurationIsVisible = 0;
			defaultConfigurationName = Release;
		};
		190A54F0206397370050B327 /* Build configuration list for PBXNativeTarget "JXCategoryView" */ = {
			isa = XCConfigurationList;
			buildConfigurations = (
				190A54F1206397370050B327 /* Debug */,
				190A54F2206397370050B327 /* Release */,
			);
			defaultConfigurationIsVisible = 0;
			defaultConfigurationName = Release;
		};
/* End XCConfigurationList section */
	};
	rootObject = 190A54D2206397370050B327 /* Project object */;
}
